
Microsoft Visual Studio Solution File, Format Version 12.00
# Visual Studio 15
VisualStudioVersion = 15.0.27428.2037
MinimumVisualStudioVersion = 10.0.40219.1
Project("{9A19103F-16F7-4668-BE54-9A1E7A4F7556}") = "ExMan.DataAccess", "ExMan.DataAccess\ExMan.DataAccess.csproj", "{A25F73FF-D281-4D0A-8C56-711504D9822B}"
EndProject
Project("{9A19103F-16F7-4668-BE54-9A1E7A4F7556}") = "ExMan.Entities", "ExMan.Entities\ExMan.Entities.csproj", "{79F23003-98F3-4A0F-94FA-1B67AF4331EC}"
EndProject
Project("{9A19103F-16F7-4668-BE54-9A1E7A4F7556}") = "ExMan.AWS.WebApi", "ExMan.AWS.WebApi\ExMan.AWS.WebApi.csproj", "{8A0BD22B-0CF7-409F-BF52-84C1988B92AD}"
EndProject
Global
	GlobalSection(SolutionConfigurationPlatforms) = preSolution
		Debug|Any CPU = Debug|Any CPU
		Release|Any CPU = Release|Any CPU
	EndGlobalSection
	GlobalSection(ProjectConfigurationPlatforms) = postSolution
		{A25F73FF-D281-4D0A-8C56-711504D9822B}.Debug|Any CPU.ActiveCfg = Debug|Any CPU
		{A25F73FF-D281-4D0A-8C56-711504D9822B}.Debug|Any CPU.Build.0 = Debug|Any CPU
		{A25F73FF-D281-4D0A-8C56-711504D9822B}.Release|Any CPU.ActiveCfg = Release|Any CPU
		{A25F73FF-D281-4D0A-8C56-711504D9822B}.Release|Any CPU.Build.0 = Release|Any CPU
		{79F23003-98F3-4A0F-94FA-1B67AF4331EC}.Debug|Any CPU.ActiveCfg = Debug|Any CPU
		{79F23003-98F3-4A0F-94FA-1B67AF4331EC}.Debug|Any CPU.Build.0 = Debug|Any CPU
		{79F23003-98F3-4A0F-94FA-1B67AF4331EC}.Release|Any CPU.ActiveCfg = Release|Any CPU
		{79F23003-98F3-4A0F-94FA-1B67AF4331EC}.Release|Any CPU.Build.0 = Release|Any CPU
		{8A0BD22B-0CF7-409F-BF52-84C1988B92AD}.Debug|Any CPU.ActiveCfg = Debug|Any CPU
		{8A0BD22B-0CF7-409F-BF52-84C1988B92AD}.Debug|Any CPU.Build.0 = Debug|Any CPU
		{8A0BD22B-0CF7-409F-BF52-84C1988B92AD}.Release|Any CPU.ActiveCfg = Release|Any CPU
		{8A0BD22B-0CF7-409F-BF52-84C1988B92AD}.Release|Any CPU.Build.0 = Release|Any CPU
	EndGlobalSection
	GlobalSection(SolutionProperties) = preSolution
		HideSolutionNode = FALSE
	EndGlobalSection
	GlobalSection(ExtensibilityGlobals) = postSolution
		SolutionGuid = {8C4D2A1C-F4AB-486E-95D8-69E2403153B4}
	EndGlobalSection
EndGlobal
