
Microsoft Visual Studio Solution File, Format Version 12.00
# Visual Studio 15
VisualStudioVersion = 15.0.27428.2037
MinimumVisualStudioVersion = 10.0.40219.1
Project("{9A19103F-16F7-4668-BE54-9A1E7A4F7556}") = "PerFin.DataAccess", "PerFin.DataAccess\PerFin.DataAccess.csproj", "{D176C750-92C8-4BD9-9C18-5D29669F5649}"
EndProject
Project("{9A19103F-16F7-4668-BE54-9A1E7A4F7556}") = "PerFin.Entities", "PerFin.Entities\PerFin.Entities.csproj", "{96F6DF29-CA06-4752-90E9-AA761CC33F64}"
EndProject
Project("{9A19103F-16F7-4668-BE54-9A1E7A4F7556}") = "PerFin.Services", "PerFin.Services\PerFin.Services.csproj", "{9C4F13D0-CF41-419D-AA7E-A44C5C51EFA4}"
EndProject
Project("{FAE04EC0-301F-11D3-BF4B-00C04F79EFBC}") = "FinCare", "FinCare\FinCare.csproj", "{DA38EA8E-499D-46F3-9DE3-44AD3C14D13E}"
EndProject
Project("{9A19103F-16F7-4668-BE54-9A1E7A4F7556}") = "PerFin.Core", "PerFin.Core\PerFin.Core.csproj", "{35FEFFCA-FB87-485A-A9CD-CB5B91FACE46}"
EndProject
Project("{9A19103F-16F7-4668-BE54-9A1E7A4F7556}") = "PerFin.Business", "PerFin.Business\PerFin.Business.csproj", "{C699422F-E08D-441A-98DE-415C2E1ACDFA}"
EndProject
Global
	GlobalSection(SolutionConfigurationPlatforms) = preSolution
		Debug|Any CPU = Debug|Any CPU
		Release|Any CPU = Release|Any CPU
	EndGlobalSection
	GlobalSection(ProjectConfigurationPlatforms) = postSolution
		{D176C750-92C8-4BD9-9C18-5D29669F5649}.Debug|Any CPU.ActiveCfg = Debug|Any CPU
		{D176C750-92C8-4BD9-9C18-5D29669F5649}.Debug|Any CPU.Build.0 = Debug|Any CPU
		{D176C750-92C8-4BD9-9C18-5D29669F5649}.Release|Any CPU.ActiveCfg = Release|Any CPU
		{D176C750-92C8-4BD9-9C18-5D29669F5649}.Release|Any CPU.Build.0 = Release|Any CPU
		{96F6DF29-CA06-4752-90E9-AA761CC33F64}.Debug|Any CPU.ActiveCfg = Debug|Any CPU
		{96F6DF29-CA06-4752-90E9-AA761CC33F64}.Debug|Any CPU.Build.0 = Debug|Any CPU
		{96F6DF29-CA06-4752-90E9-AA761CC33F64}.Release|Any CPU.ActiveCfg = Release|Any CPU
		{96F6DF29-CA06-4752-90E9-AA761CC33F64}.Release|Any CPU.Build.0 = Release|Any CPU
		{9C4F13D0-CF41-419D-AA7E-A44C5C51EFA4}.Debug|Any CPU.ActiveCfg = Debug|Any CPU
		{9C4F13D0-CF41-419D-AA7E-A44C5C51EFA4}.Debug|Any CPU.Build.0 = Debug|Any CPU
		{9C4F13D0-CF41-419D-AA7E-A44C5C51EFA4}.Release|Any CPU.ActiveCfg = Release|Any CPU
		{9C4F13D0-CF41-419D-AA7E-A44C5C51EFA4}.Release|Any CPU.Build.0 = Release|Any CPU
		{DA38EA8E-499D-46F3-9DE3-44AD3C14D13E}.Debug|Any CPU.ActiveCfg = Debug|Any CPU
		{DA38EA8E-499D-46F3-9DE3-44AD3C14D13E}.Debug|Any CPU.Build.0 = Debug|Any CPU
		{DA38EA8E-499D-46F3-9DE3-44AD3C14D13E}.Release|Any CPU.ActiveCfg = Release|Any CPU
		{DA38EA8E-499D-46F3-9DE3-44AD3C14D13E}.Release|Any CPU.Build.0 = Release|Any CPU
		{35FEFFCA-FB87-485A-A9CD-CB5B91FACE46}.Debug|Any CPU.ActiveCfg = Debug|Any CPU
		{35FEFFCA-FB87-485A-A9CD-CB5B91FACE46}.Debug|Any CPU.Build.0 = Debug|Any CPU
		{35FEFFCA-FB87-485A-A9CD-CB5B91FACE46}.Release|Any CPU.ActiveCfg = Release|Any CPU
		{35FEFFCA-FB87-485A-A9CD-CB5B91FACE46}.Release|Any CPU.Build.0 = Release|Any CPU
		{C699422F-E08D-441A-98DE-415C2E1ACDFA}.Debug|Any CPU.ActiveCfg = Debug|Any CPU
		{C699422F-E08D-441A-98DE-415C2E1ACDFA}.Debug|Any CPU.Build.0 = Debug|Any CPU
		{C699422F-E08D-441A-98DE-415C2E1ACDFA}.Release|Any CPU.ActiveCfg = Release|Any CPU
		{C699422F-E08D-441A-98DE-415C2E1ACDFA}.Release|Any CPU.Build.0 = Release|Any CPU
	EndGlobalSection
	GlobalSection(SolutionProperties) = preSolution
		HideSolutionNode = FALSE
	EndGlobalSection
	GlobalSection(ExtensibilityGlobals) = postSolution
		SolutionGuid = {B0BBA9FD-CA46-4BFB-BE4B-7CE824CF237D}
	EndGlobalSection
EndGlobal
