
Microsoft Visual Studio Solution File, Format Version 12.00
# Visual Studio 14
VisualStudioVersion = 14.0.25420.1
MinimumVisualStudioVersion = 10.0.40219.1
Project("{FAE04EC0-301F-11D3-BF4B-00C04F79EFBC}") = "ExMan.Desktop.Client", "ExMan.Desktop.Client\ExMan.Desktop.Client.csproj", "{7E873141-FE6E-4016-AF4D-4E9BC04B3021}"
EndProject
Project("{FAE04EC0-301F-11D3-BF4B-00C04F79EFBC}") = "ExMan.Client.Services", "ExMan.Client.Services\ExMan.Client.Services.csproj", "{97AE79AC-C935-4DE3-8AE4-82BB2609788B}"
EndProject
Project("{FAE04EC0-301F-11D3-BF4B-00C04F79EFBC}") = "ExMan.Client.Shared", "ExMan.Client.Shared\ExMan.Client.Shared.csproj", "{F1C7B4B0-7B6F-4992-8EF4-C1E992D8999C}"
EndProject
Project("{FAE04EC0-301F-11D3-BF4B-00C04F79EFBC}") = "ExMan.Client.Model", "ExMan.Client.Model\ExMan.Client.Model.csproj", "{F1F8619E-8DAF-4398-A738-BC96A0AECFBD}"
EndProject
Project("{FAE04EC0-301F-11D3-BF4B-00C04F79EFBC}") = "TestConsole", "TestConsole\TestConsole.csproj", "{C0F326BB-2C9F-4F7D-B0E5-FDB668702FD3}"
EndProject
Project("{FAE04EC0-301F-11D3-BF4B-00C04F79EFBC}") = "ExMan.Desktop.Resources", "ExMan.Desktop.Resources\ExMan.Desktop.Resources.csproj", "{BD2899C1-CD1E-4BBF-A5E8-F6ED20EE9794}"
EndProject
Global
	GlobalSection(SolutionConfigurationPlatforms) = preSolution
		Debug|Any CPU = Debug|Any CPU
		Release|Any CPU = Release|Any CPU
	EndGlobalSection
	GlobalSection(ProjectConfigurationPlatforms) = postSolution
		{7E873141-FE6E-4016-AF4D-4E9BC04B3021}.Debug|Any CPU.ActiveCfg = Debug|Any CPU
		{7E873141-FE6E-4016-AF4D-4E9BC04B3021}.Debug|Any CPU.Build.0 = Debug|Any CPU
		{7E873141-FE6E-4016-AF4D-4E9BC04B3021}.Release|Any CPU.ActiveCfg = Release|Any CPU
		{7E873141-FE6E-4016-AF4D-4E9BC04B3021}.Release|Any CPU.Build.0 = Release|Any CPU
		{97AE79AC-C935-4DE3-8AE4-82BB2609788B}.Debug|Any CPU.ActiveCfg = Debug|Any CPU
		{97AE79AC-C935-4DE3-8AE4-82BB2609788B}.Debug|Any CPU.Build.0 = Debug|Any CPU
		{97AE79AC-C935-4DE3-8AE4-82BB2609788B}.Release|Any CPU.ActiveCfg = Release|Any CPU
		{97AE79AC-C935-4DE3-8AE4-82BB2609788B}.Release|Any CPU.Build.0 = Release|Any CPU
		{F1C7B4B0-7B6F-4992-8EF4-C1E992D8999C}.Debug|Any CPU.ActiveCfg = Debug|Any CPU
		{F1C7B4B0-7B6F-4992-8EF4-C1E992D8999C}.Debug|Any CPU.Build.0 = Debug|Any CPU
		{F1C7B4B0-7B6F-4992-8EF4-C1E992D8999C}.Release|Any CPU.ActiveCfg = Release|Any CPU
		{F1C7B4B0-7B6F-4992-8EF4-C1E992D8999C}.Release|Any CPU.Build.0 = Release|Any CPU
		{F1F8619E-8DAF-4398-A738-BC96A0AECFBD}.Debug|Any CPU.ActiveCfg = Debug|Any CPU
		{F1F8619E-8DAF-4398-A738-BC96A0AECFBD}.Debug|Any CPU.Build.0 = Debug|Any CPU
		{F1F8619E-8DAF-4398-A738-BC96A0AECFBD}.Release|Any CPU.ActiveCfg = Release|Any CPU
		{F1F8619E-8DAF-4398-A738-BC96A0AECFBD}.Release|Any CPU.Build.0 = Release|Any CPU
		{C0F326BB-2C9F-4F7D-B0E5-FDB668702FD3}.Debug|Any CPU.ActiveCfg = Debug|Any CPU
		{C0F326BB-2C9F-4F7D-B0E5-FDB668702FD3}.Debug|Any CPU.Build.0 = Debug|Any CPU
		{C0F326BB-2C9F-4F7D-B0E5-FDB668702FD3}.Release|Any CPU.ActiveCfg = Release|Any CPU
		{C0F326BB-2C9F-4F7D-B0E5-FDB668702FD3}.Release|Any CPU.Build.0 = Release|Any CPU
		{BD2899C1-CD1E-4BBF-A5E8-F6ED20EE9794}.Debug|Any CPU.ActiveCfg = Debug|Any CPU
		{BD2899C1-CD1E-4BBF-A5E8-F6ED20EE9794}.Debug|Any CPU.Build.0 = Debug|Any CPU
		{BD2899C1-CD1E-4BBF-A5E8-F6ED20EE9794}.Release|Any CPU.ActiveCfg = Release|Any CPU
		{BD2899C1-CD1E-4BBF-A5E8-F6ED20EE9794}.Release|Any CPU.Build.0 = Release|Any CPU
	EndGlobalSection
	GlobalSection(SolutionProperties) = preSolution
		HideSolutionNode = FALSE
	EndGlobalSection
EndGlobal
